
Microsoft Visual Studio Solution File, Format Version 12.00
# Visual Studio Version 16
VisualStudioVersion = 16.0.32002.261
MinimumVisualStudioVersion = 10.0.40219.1
Project("{9A19103F-16F7-4668-BE54-9A1E7A4F7556}") = "Product.API", "Product\Product.API.csproj", "{C47CF91C-2C33-4844-B4C1-4CCEC780E1FC}"
EndProject
Project("{FAE04EC0-301F-11D3-BF4B-00C04F79EFBC}") = "Product.Core", "Product.Core\Product.Core.csproj", "{B109A16F-9443-454B-8400-4D1E4048DE6B}"
EndProject
Project("{FAE04EC0-301F-11D3-BF4B-00C04F79EFBC}") = "Product.Infrastructure", "Product.Infrastructure\Product.Infrastructure.csproj", "{72E6D2FB-4BCB-434A-A9F3-FA71AF33E6C2}"
EndProject
Project("{FAE04EC0-301F-11D3-BF4B-00C04F79EFBC}") = "Product.Application", "Product.Application\Product.Application.csproj", "{6DCDFF58-B450-4CB6-8EF1-B73F1040C3E3}"
EndProject
Global
	GlobalSection(SolutionConfigurationPlatforms) = preSolution
		Debug|Any CPU = Debug|Any CPU
		Release|Any CPU = Release|Any CPU
	EndGlobalSection
	GlobalSection(ProjectConfigurationPlatforms) = postSolution
		{C47CF91C-2C33-4844-B4C1-4CCEC780E1FC}.Debug|Any CPU.ActiveCfg = Debug|Any CPU
		{C47CF91C-2C33-4844-B4C1-4CCEC780E1FC}.Debug|Any CPU.Build.0 = Debug|Any CPU
		{C47CF91C-2C33-4844-B4C1-4CCEC780E1FC}.Release|Any CPU.ActiveCfg = Release|Any CPU
		{C47CF91C-2C33-4844-B4C1-4CCEC780E1FC}.Release|Any CPU.Build.0 = Release|Any CPU
		{B109A16F-9443-454B-8400-4D1E4048DE6B}.Debug|Any CPU.ActiveCfg = Debug|Any CPU
		{B109A16F-9443-454B-8400-4D1E4048DE6B}.Debug|Any CPU.Build.0 = Debug|Any CPU
		{B109A16F-9443-454B-8400-4D1E4048DE6B}.Release|Any CPU.ActiveCfg = Release|Any CPU
		{B109A16F-9443-454B-8400-4D1E4048DE6B}.Release|Any CPU.Build.0 = Release|Any CPU
		{72E6D2FB-4BCB-434A-A9F3-FA71AF33E6C2}.Debug|Any CPU.ActiveCfg = Debug|Any CPU
		{72E6D2FB-4BCB-434A-A9F3-FA71AF33E6C2}.Debug|Any CPU.Build.0 = Debug|Any CPU
		{72E6D2FB-4BCB-434A-A9F3-FA71AF33E6C2}.Release|Any CPU.ActiveCfg = Release|Any CPU
		{72E6D2FB-4BCB-434A-A9F3-FA71AF33E6C2}.Release|Any CPU.Build.0 = Release|Any CPU
		{6DCDFF58-B450-4CB6-8EF1-B73F1040C3E3}.Debug|Any CPU.ActiveCfg = Debug|Any CPU
		{6DCDFF58-B450-4CB6-8EF1-B73F1040C3E3}.Debug|Any CPU.Build.0 = Debug|Any CPU
		{6DCDFF58-B450-4CB6-8EF1-B73F1040C3E3}.Release|Any CPU.ActiveCfg = Release|Any CPU
		{6DCDFF58-B450-4CB6-8EF1-B73F1040C3E3}.Release|Any CPU.Build.0 = Release|Any CPU
	EndGlobalSection
	GlobalSection(SolutionProperties) = preSolution
		HideSolutionNode = FALSE
	EndGlobalSection
	GlobalSection(ExtensibilityGlobals) = postSolution
		SolutionGuid = {F7632468-4C7A-429B-A275-A6940A36F1D7}
	EndGlobalSection
EndGlobal
